
Microsoft Visual Studio Solution File, Format Version 12.00
# Visual Studio Version 16
VisualStudioVersion = 16.0.30317.65
MinimumVisualStudioVersion = 10.0.40219.1
Project("{9A19103F-16F7-4668-BE54-9A1E7A4F7556}") = "CommandCenterApi", "CommandCenterApi\CommandCenterApi.csproj", "{CD940312-F3E1-4D3B-8C9C-4FBBF68DDB4A}"
EndProject
Project("{9A19103F-16F7-4668-BE54-9A1E7A4F7556}") = "RiderApi", "RiderApi\RiderApi.csproj", "{0A571975-8028-40FF-9B44-47D0E269219A}"
EndProject
Project("{9A19103F-16F7-4668-BE54-9A1E7A4F7556}") = "MerchantApi", "MerchantApi\MerchantApi.csproj", "{88105179-C74A-4BF8-A377-4ACDD371CF53}"
EndProject
Project("{2150E333-8FDC-42A3-9474-1A3956D46DE8}") = "API", "API", "{1FA0D6F9-91B4-4810-8C65-8725238E2911}"
EndProject
Project("{2150E333-8FDC-42A3-9474-1A3956D46DE8}") = "CORE", "CORE", "{FD5FFC4D-4CB1-4FFD-86D6-0B262FCA7888}"
EndProject
Project("{2150E333-8FDC-42A3-9474-1A3956D46DE8}") = "UI", "UI", "{65B14B21-1CE1-49BE-8E0B-8CFF4FCB3F0A}"
EndProject
Project("{9A19103F-16F7-4668-BE54-9A1E7A4F7556}") = "PTLC.Repository", "PTLC.Repository\PTLC.Repository.csproj", "{A27E7341-04EA-4771-8C03-076DF826B388}"
EndProject
Project("{9A19103F-16F7-4668-BE54-9A1E7A4F7556}") = "PTLC.Services", "PTLC.Services\PTLC.Services.csproj", "{8E1D32E3-7EE5-4EF0-8D1A-45D132E00260}"
EndProject
Project("{9A19103F-16F7-4668-BE54-9A1E7A4F7556}") = "PTLC.Data", "PTLC.Data\PTLC.Data.csproj", "{34E6C6F0-086E-425A-BBFC-FA385FCA56C6}"
EndProject
Project("{9A19103F-16F7-4668-BE54-9A1E7A4F7556}") = "CarChecker.Server", "Server\CarChecker.Server.csproj", "{2716CF07-FA9F-4D66-B5F8-B1ED4ED32A26}"
EndProject
Project("{9A19103F-16F7-4668-BE54-9A1E7A4F7556}") = "CarChecker.Client", "Client\CarChecker.Client.csproj", "{49B168DA-86D9-4F22-9238-1291950DD507}"
EndProject
Project("{9A19103F-16F7-4668-BE54-9A1E7A4F7556}") = "CarChecker.Shared", "Shared\CarChecker.Shared.csproj", "{EE16F67D-A96C-4C9B-940A-CCCE44AD44C9}"
EndProject
Global
	GlobalSection(SolutionConfigurationPlatforms) = preSolution
		Debug|Any CPU = Debug|Any CPU
		Release|Any CPU = Release|Any CPU
	EndGlobalSection
	GlobalSection(ProjectConfigurationPlatforms) = postSolution
		{CD940312-F3E1-4D3B-8C9C-4FBBF68DDB4A}.Debug|Any CPU.ActiveCfg = Debug|Any CPU
		{CD940312-F3E1-4D3B-8C9C-4FBBF68DDB4A}.Debug|Any CPU.Build.0 = Debug|Any CPU
		{CD940312-F3E1-4D3B-8C9C-4FBBF68DDB4A}.Release|Any CPU.ActiveCfg = Release|Any CPU
		{CD940312-F3E1-4D3B-8C9C-4FBBF68DDB4A}.Release|Any CPU.Build.0 = Release|Any CPU
		{0A571975-8028-40FF-9B44-47D0E269219A}.Debug|Any CPU.ActiveCfg = Debug|Any CPU
		{0A571975-8028-40FF-9B44-47D0E269219A}.Debug|Any CPU.Build.0 = Debug|Any CPU
		{0A571975-8028-40FF-9B44-47D0E269219A}.Release|Any CPU.ActiveCfg = Release|Any CPU
		{0A571975-8028-40FF-9B44-47D0E269219A}.Release|Any CPU.Build.0 = Release|Any CPU
		{88105179-C74A-4BF8-A377-4ACDD371CF53}.Debug|Any CPU.ActiveCfg = Debug|Any CPU
		{88105179-C74A-4BF8-A377-4ACDD371CF53}.Debug|Any CPU.Build.0 = Debug|Any CPU
		{88105179-C74A-4BF8-A377-4ACDD371CF53}.Release|Any CPU.ActiveCfg = Release|Any CPU
		{88105179-C74A-4BF8-A377-4ACDD371CF53}.Release|Any CPU.Build.0 = Release|Any CPU
		{A27E7341-04EA-4771-8C03-076DF826B388}.Debug|Any CPU.ActiveCfg = Debug|Any CPU
		{A27E7341-04EA-4771-8C03-076DF826B388}.Debug|Any CPU.Build.0 = Debug|Any CPU
		{A27E7341-04EA-4771-8C03-076DF826B388}.Release|Any CPU.ActiveCfg = Release|Any CPU
		{A27E7341-04EA-4771-8C03-076DF826B388}.Release|Any CPU.Build.0 = Release|Any CPU
		{8E1D32E3-7EE5-4EF0-8D1A-45D132E00260}.Debug|Any CPU.ActiveCfg = Debug|Any CPU
		{8E1D32E3-7EE5-4EF0-8D1A-45D132E00260}.Debug|Any CPU.Build.0 = Debug|Any CPU
		{8E1D32E3-7EE5-4EF0-8D1A-45D132E00260}.Release|Any CPU.ActiveCfg = Release|Any CPU
		{8E1D32E3-7EE5-4EF0-8D1A-45D132E00260}.Release|Any CPU.Build.0 = Release|Any CPU
		{34E6C6F0-086E-425A-BBFC-FA385FCA56C6}.Debug|Any CPU.ActiveCfg = Debug|Any CPU
		{34E6C6F0-086E-425A-BBFC-FA385FCA56C6}.Debug|Any CPU.Build.0 = Debug|Any CPU
		{34E6C6F0-086E-425A-BBFC-FA385FCA56C6}.Release|Any CPU.ActiveCfg = Release|Any CPU
		{34E6C6F0-086E-425A-BBFC-FA385FCA56C6}.Release|Any CPU.Build.0 = Release|Any CPU
		{2716CF07-FA9F-4D66-B5F8-B1ED4ED32A26}.Debug|Any CPU.ActiveCfg = Debug|Any CPU
		{2716CF07-FA9F-4D66-B5F8-B1ED4ED32A26}.Debug|Any CPU.Build.0 = Debug|Any CPU
		{2716CF07-FA9F-4D66-B5F8-B1ED4ED32A26}.Release|Any CPU.ActiveCfg = Release|Any CPU
		{2716CF07-FA9F-4D66-B5F8-B1ED4ED32A26}.Release|Any CPU.Build.0 = Release|Any CPU
		{49B168DA-86D9-4F22-9238-1291950DD507}.Debug|Any CPU.ActiveCfg = Debug|Any CPU
		{49B168DA-86D9-4F22-9238-1291950DD507}.Debug|Any CPU.Build.0 = Debug|Any CPU
		{49B168DA-86D9-4F22-9238-1291950DD507}.Release|Any CPU.ActiveCfg = Release|Any CPU
		{49B168DA-86D9-4F22-9238-1291950DD507}.Release|Any CPU.Build.0 = Release|Any CPU
		{EE16F67D-A96C-4C9B-940A-CCCE44AD44C9}.Debug|Any CPU.ActiveCfg = Debug|Any CPU
		{EE16F67D-A96C-4C9B-940A-CCCE44AD44C9}.Debug|Any CPU.Build.0 = Debug|Any CPU
		{EE16F67D-A96C-4C9B-940A-CCCE44AD44C9}.Release|Any CPU.ActiveCfg = Release|Any CPU
		{EE16F67D-A96C-4C9B-940A-CCCE44AD44C9}.Release|Any CPU.Build.0 = Release|Any CPU
	EndGlobalSection
	GlobalSection(SolutionProperties) = preSolution
		HideSolutionNode = FALSE
	EndGlobalSection
	GlobalSection(NestedProjects) = preSolution
		{CD940312-F3E1-4D3B-8C9C-4FBBF68DDB4A} = {1FA0D6F9-91B4-4810-8C65-8725238E2911}
		{0A571975-8028-40FF-9B44-47D0E269219A} = {1FA0D6F9-91B4-4810-8C65-8725238E2911}
		{88105179-C74A-4BF8-A377-4ACDD371CF53} = {1FA0D6F9-91B4-4810-8C65-8725238E2911}
		{A27E7341-04EA-4771-8C03-076DF826B388} = {FD5FFC4D-4CB1-4FFD-86D6-0B262FCA7888}
		{8E1D32E3-7EE5-4EF0-8D1A-45D132E00260} = {FD5FFC4D-4CB1-4FFD-86D6-0B262FCA7888}
		{34E6C6F0-086E-425A-BBFC-FA385FCA56C6} = {FD5FFC4D-4CB1-4FFD-86D6-0B262FCA7888}
		{2716CF07-FA9F-4D66-B5F8-B1ED4ED32A26} = {65B14B21-1CE1-49BE-8E0B-8CFF4FCB3F0A}
		{49B168DA-86D9-4F22-9238-1291950DD507} = {65B14B21-1CE1-49BE-8E0B-8CFF4FCB3F0A}
		{EE16F67D-A96C-4C9B-940A-CCCE44AD44C9} = {65B14B21-1CE1-49BE-8E0B-8CFF4FCB3F0A}
	EndGlobalSection
	GlobalSection(ExtensibilityGlobals) = postSolution
		SolutionGuid = {E0CF5F6C-F9D3-4484-81D6-B7D2E93DC056}
	EndGlobalSection
EndGlobal
